
Microsoft Visual Studio Solution File, Format Version 12.00
# Visual Studio Version 17
VisualStudioVersion = 17.8.34316.72
MinimumVisualStudioVersion = 10.0.40219.1
Project("{FAE04EC0-301F-11D3-BF4B-00C04F79EFBC}") = "conuntries", "conuntries.csproj", "{6BA33632-C470-4A62-9523-130407CFCC28}"
EndProject
Global
	GlobalSection(SolutionConfigurationPlatforms) = preSolution
		Debug|Any CPU = Debug|Any CPU
		Release|Any CPU = Release|Any CPU
	EndGlobalSection
	GlobalSection(ProjectConfigurationPlatforms) = postSolution
		{6BA33632-C470-4A62-9523-130407CFCC28}.Debug|Any CPU.ActiveCfg = Debug|Any CPU
		{6BA33632-C470-4A62-9523-130407CFCC28}.Debug|Any CPU.Build.0 = Debug|Any CPU
		{6BA33632-C470-4A62-9523-130407CFCC28}.Release|Any CPU.ActiveCfg = Release|Any CPU
		{6BA33632-C470-4A62-9523-130407CFCC28}.Release|Any CPU.Build.0 = Release|Any CPU
	EndGlobalSection
	GlobalSection(SolutionProperties) = preSolution
		HideSolutionNode = FALSE
	EndGlobalSection
	GlobalSection(ExtensibilityGlobals) = postSolution
		SolutionGuid = {8EE86104-81DE-4521-8760-889D3AB317FA}
	EndGlobalSection
EndGlobal
